
Microsoft Visual Studio Solution File, Format Version 12.00
# Visual Studio Version 17
VisualStudioVersion = 17.14.36511.14
MinimumVisualStudioVersion = 10.0.40219.1
Project("{2150E333-8FDC-42A3-9474-1A3956D46DE8}") = "Task0", "Task0", "{02EA681E-C7D8-13C7-8484-4AC65E1B71E8}"
EndProject
Project("{FAE04EC0-301F-11D3-BF4B-00C04F79EFBC}") = "Tyuiu.SherenkovIR.Sprint3.Task0.V13", "Tyuiu.SherenkovIR.Sprint3.Task0.V13\Tyuiu.SherenkovIR.Sprint3.Task0.V13.csproj", "{B6DC580E-C7AE-4144-8844-093CD91D5CB7}"
EndProject
Project("{FAE04EC0-301F-11D3-BF4B-00C04F79EFBC}") = "Tyuiu.SherenkovIR.Sprint3.Task0.V13.Lib", "Tyuiu.SherenkovIR.Sprint3.Task0.V13.Lib\Tyuiu.SherenkovIR.Sprint3.Task0.V13.Lib.csproj", "{6539E0DA-1BE7-42CE-9619-66212AED0BFD}"
EndProject
Project("{FAE04EC0-301F-11D3-BF4B-00C04F79EFBC}") = "Tyuiu.SherenkovIR.Sprint3.Task0.V13.Test", "Tyuiu.SherenkovIR.Sprint3.Task0.V13.Test\Tyuiu.SherenkovIR.Sprint3.Task0.V13.Test.csproj", "{4255B0A5-AA2F-4955-B508-BEFCAB7E4B95}"
EndProject
Project("{2150E333-8FDC-42A3-9474-1A3956D46DE8}") = "Task1", "Task1", "{4989B907-DAFE-4ADB-958A-5E5830C51036}"
EndProject
Project("{FAE04EC0-301F-11D3-BF4B-00C04F79EFBC}") = "Tyuiu.SherenkovIR.Sprint3.Task1.V24", "Tyuiu.SherenkovIR.Sprint3.Task1.V24\Tyuiu.SherenkovIR.Sprint3.Task1.V24.csproj", "{E9463CB4-9F7B-4CE0-85F1-5B1AC5B1801F}"
EndProject
Project("{FAE04EC0-301F-11D3-BF4B-00C04F79EFBC}") = "Tyuiu.SherenkovIR.Sprint3.Task1.V24.Lib", "Tyuiu.SherenkovIR.Sprint3.Task1.V24.Lib\Tyuiu.SherenkovIR.Sprint3.Task1.V24.Lib.csproj", "{C150D48E-38E2-4960-8D14-F10A69571975}"
EndProject
Project("{FAE04EC0-301F-11D3-BF4B-00C04F79EFBC}") = "Tyuiu.SherenkovIR.Sprint3.Task1.V24.Test", "Tyuiu.SherenkovIR.Sprint3.Task1.V24.Test\Tyuiu.SherenkovIR.Sprint3.Task1.V24.Test.csproj", "{A754F5C8-54BB-4D4B-ADF5-8C1B2DBFC672}"
EndProject
Project("{2150E333-8FDC-42A3-9474-1A3956D46DE8}") = "Task2", "Task2", "{A5A3DC55-3471-45C2-9792-E0ABB130B09B}"
EndProject
Project("{FAE04EC0-301F-11D3-BF4B-00C04F79EFBC}") = "Tyuiu.SherenkovIR.Sprint3.Task2.V27", "Tyuiu.SherenkovIR.Sprint3.Task2.V27\Tyuiu.SherenkovIR.Sprint3.Task2.V27.csproj", "{65023C9F-5B26-4412-8BF0-F8003B062ED6}"
EndProject
Project("{FAE04EC0-301F-11D3-BF4B-00C04F79EFBC}") = "Tyuiu.SherenkovIR.Sprint3.Task2.V27.Lib", "Tyuiu.SherenkovIR.Sprint3.Task2.V27.Lib\Tyuiu.SherenkovIR.Sprint3.Task2.V27.Lib.csproj", "{6B83E957-5CCC-48C0-8D47-F1181D2E9801}"
EndProject
Project("{FAE04EC0-301F-11D3-BF4B-00C04F79EFBC}") = "Tyuiu.SherenkovIR.Sprint3.Task2.V27.Test", "Tyuiu.SherenkovIR.Sprint3.Task2.V27.Test\Tyuiu.SherenkovIR.Sprint3.Task2.V27.Test.csproj", "{39F87580-C48F-4776-AED4-939DB63EC2B8}"
EndProject
Project("{2150E333-8FDC-42A3-9474-1A3956D46DE8}") = "Task3", "Task3", "{C11FF226-272F-4245-8C45-F1761672FA0A}"
EndProject
Project("{FAE04EC0-301F-11D3-BF4B-00C04F79EFBC}") = "Tyuiu.SherenkovIR.Sprint3.Task3.V22", "Tyuiu.SherenkovIR.Sprint3.Task3.V22\Tyuiu.SherenkovIR.Sprint3.Task3.V22.csproj", "{49C42B9E-868F-4E5D-8067-99F43587750C}"
EndProject
Project("{FAE04EC0-301F-11D3-BF4B-00C04F79EFBC}") = "Tyuiu.SherenkovIR.Sprint3.Task3.V22.Lib", "Tyuiu.SherenkovIR.Sprint3.Task3.V22.Lib\Tyuiu.SherenkovIR.Sprint3.Task3.V22.Lib.csproj", "{8B185A1E-5ED8-4CCE-8CA2-AF7A4CB111E8}"
EndProject
Project("{FAE04EC0-301F-11D3-BF4B-00C04F79EFBC}") = "Tyuiu.SherenkovIR.Sprint3.Task3.V22.Test", "Tyuiu.SherenkovIR.Sprint3.Task3.V22.Test\Tyuiu.SherenkovIR.Sprint3.Task3.V22.Test.csproj", "{6D4DFD42-09B8-40E6-A497-20B80D7F7C6E}"
EndProject
Project("{2150E333-8FDC-42A3-9474-1A3956D46DE8}") = "Task4", "Task4", "{9CEBE60C-83FD-4C4B-AEE7-F4F1042F6524}"
EndProject
Project("{FAE04EC0-301F-11D3-BF4B-00C04F79EFBC}") = "Tyuiu.SherenkovIR.Sprint3.Task4.V10", "Tyuiu.SherenkovIR.Sprint3.Task4.V10\Tyuiu.SherenkovIR.Sprint3.Task4.V10.csproj", "{A71C8510-CD43-4EC9-9891-979AFD83EAF7}"
EndProject
Project("{FAE04EC0-301F-11D3-BF4B-00C04F79EFBC}") = "Tyuiu.SherenkovIR.Sprint3.Task4.V10.Lib", "Tyuiu.SherenkovIR.Sprint3.Task4.V10.Lib\Tyuiu.SherenkovIR.Sprint3.Task4.V10.Lib.csproj", "{EBA35BA8-6B73-493F-9555-0EAE6B9DC26F}"
EndProject
Project("{FAE04EC0-301F-11D3-BF4B-00C04F79EFBC}") = "Tyuiu.SherenkovIR.Sprint3.Task4.V10.Test", "Tyuiu.SherenkovIR.Sprint3.Task4.V10.Test\Tyuiu.SherenkovIR.Sprint3.Task4.V10.Test.csproj", "{80903734-0965-400B-B175-7BE81B7F735E}"
EndProject
Global
	GlobalSection(SolutionConfigurationPlatforms) = preSolution
		Debug|Any CPU = Debug|Any CPU
		Release|Any CPU = Release|Any CPU
	EndGlobalSection
	GlobalSection(ProjectConfigurationPlatforms) = postSolution
		{B6DC580E-C7AE-4144-8844-093CD91D5CB7}.Debug|Any CPU.ActiveCfg = Debug|Any CPU
		{B6DC580E-C7AE-4144-8844-093CD91D5CB7}.Debug|Any CPU.Build.0 = Debug|Any CPU
		{B6DC580E-C7AE-4144-8844-093CD91D5CB7}.Release|Any CPU.ActiveCfg = Release|Any CPU
		{B6DC580E-C7AE-4144-8844-093CD91D5CB7}.Release|Any CPU.Build.0 = Release|Any CPU
		{6539E0DA-1BE7-42CE-9619-66212AED0BFD}.Debug|Any CPU.ActiveCfg = Debug|Any CPU
		{6539E0DA-1BE7-42CE-9619-66212AED0BFD}.Debug|Any CPU.Build.0 = Debug|Any CPU
		{6539E0DA-1BE7-42CE-9619-66212AED0BFD}.Release|Any CPU.ActiveCfg = Release|Any CPU
		{6539E0DA-1BE7-42CE-9619-66212AED0BFD}.Release|Any CPU.Build.0 = Release|Any CPU
		{4255B0A5-AA2F-4955-B508-BEFCAB7E4B95}.Debug|Any CPU.ActiveCfg = Debug|Any CPU
		{4255B0A5-AA2F-4955-B508-BEFCAB7E4B95}.Debug|Any CPU.Build.0 = Debug|Any CPU
		{4255B0A5-AA2F-4955-B508-BEFCAB7E4B95}.Release|Any CPU.ActiveCfg = Release|Any CPU
		{4255B0A5-AA2F-4955-B508-BEFCAB7E4B95}.Release|Any CPU.Build.0 = Release|Any CPU
		{E9463CB4-9F7B-4CE0-85F1-5B1AC5B1801F}.Debug|Any CPU.ActiveCfg = Debug|Any CPU
		{E9463CB4-9F7B-4CE0-85F1-5B1AC5B1801F}.Debug|Any CPU.Build.0 = Debug|Any CPU
		{E9463CB4-9F7B-4CE0-85F1-5B1AC5B1801F}.Release|Any CPU.ActiveCfg = Release|Any CPU
		{E9463CB4-9F7B-4CE0-85F1-5B1AC5B1801F}.Release|Any CPU.Build.0 = Release|Any CPU
		{C150D48E-38E2-4960-8D14-F10A69571975}.Debug|Any CPU.ActiveCfg = Debug|Any CPU
		{C150D48E-38E2-4960-8D14-F10A69571975}.Debug|Any CPU.Build.0 = Debug|Any CPU
		{C150D48E-38E2-4960-8D14-F10A69571975}.Release|Any CPU.ActiveCfg = Release|Any CPU
		{C150D48E-38E2-4960-8D14-F10A69571975}.Release|Any CPU.Build.0 = Release|Any CPU
		{A754F5C8-54BB-4D4B-ADF5-8C1B2DBFC672}.Debug|Any CPU.ActiveCfg = Debug|Any CPU
		{A754F5C8-54BB-4D4B-ADF5-8C1B2DBFC672}.Debug|Any CPU.Build.0 = Debug|Any CPU
		{A754F5C8-54BB-4D4B-ADF5-8C1B2DBFC672}.Release|Any CPU.ActiveCfg = Release|Any CPU
		{A754F5C8-54BB-4D4B-ADF5-8C1B2DBFC672}.Release|Any CPU.Build.0 = Release|Any CPU
		{65023C9F-5B26-4412-8BF0-F8003B062ED6}.Debug|Any CPU.ActiveCfg = Debug|Any CPU
		{65023C9F-5B26-4412-8BF0-F8003B062ED6}.Debug|Any CPU.Build.0 = Debug|Any CPU
		{65023C9F-5B26-4412-8BF0-F8003B062ED6}.Release|Any CPU.ActiveCfg = Release|Any CPU
		{65023C9F-5B26-4412-8BF0-F8003B062ED6}.Release|Any CPU.Build.0 = Release|Any CPU
		{6B83E957-5CCC-48C0-8D47-F1181D2E9801}.Debug|Any CPU.ActiveCfg = Debug|Any CPU
		{6B83E957-5CCC-48C0-8D47-F1181D2E9801}.Debug|Any CPU.Build.0 = Debug|Any CPU
		{6B83E957-5CCC-48C0-8D47-F1181D2E9801}.Release|Any CPU.ActiveCfg = Release|Any CPU
		{6B83E957-5CCC-48C0-8D47-F1181D2E9801}.Release|Any CPU.Build.0 = Release|Any CPU
		{39F87580-C48F-4776-AED4-939DB63EC2B8}.Debug|Any CPU.ActiveCfg = Debug|Any CPU
		{39F87580-C48F-4776-AED4-939DB63EC2B8}.Debug|Any CPU.Build.0 = Debug|Any CPU
		{39F87580-C48F-4776-AED4-939DB63EC2B8}.Release|Any CPU.ActiveCfg = Release|Any CPU
		{39F87580-C48F-4776-AED4-939DB63EC2B8}.Release|Any CPU.Build.0 = Release|Any CPU
		{49C42B9E-868F-4E5D-8067-99F43587750C}.Debug|Any CPU.ActiveCfg = Debug|Any CPU
		{49C42B9E-868F-4E5D-8067-99F43587750C}.Debug|Any CPU.Build.0 = Debug|Any CPU
		{49C42B9E-868F-4E5D-8067-99F43587750C}.Release|Any CPU.ActiveCfg = Release|Any CPU
		{49C42B9E-868F-4E5D-8067-99F43587750C}.Release|Any CPU.Build.0 = Release|Any CPU
		{8B185A1E-5ED8-4CCE-8CA2-AF7A4CB111E8}.Debug|Any CPU.ActiveCfg = Debug|Any CPU
		{8B185A1E-5ED8-4CCE-8CA2-AF7A4CB111E8}.Debug|Any CPU.Build.0 = Debug|Any CPU
		{8B185A1E-5ED8-4CCE-8CA2-AF7A4CB111E8}.Release|Any CPU.ActiveCfg = Release|Any CPU
		{8B185A1E-5ED8-4CCE-8CA2-AF7A4CB111E8}.Release|Any CPU.Build.0 = Release|Any CPU
		{6D4DFD42-09B8-40E6-A497-20B80D7F7C6E}.Debug|Any CPU.ActiveCfg = Debug|Any CPU
		{6D4DFD42-09B8-40E6-A497-20B80D7F7C6E}.Debug|Any CPU.Build.0 = Debug|Any CPU
		{6D4DFD42-09B8-40E6-A497-20B80D7F7C6E}.Release|Any CPU.ActiveCfg = Release|Any CPU
		{6D4DFD42-09B8-40E6-A497-20B80D7F7C6E}.Release|Any CPU.Build.0 = Release|Any CPU
		{A71C8510-CD43-4EC9-9891-979AFD83EAF7}.Debug|Any CPU.ActiveCfg = Debug|Any CPU
		{A71C8510-CD43-4EC9-9891-979AFD83EAF7}.Debug|Any CPU.Build.0 = Debug|Any CPU
		{A71C8510-CD43-4EC9-9891-979AFD83EAF7}.Release|Any CPU.ActiveCfg = Release|Any CPU
		{A71C8510-CD43-4EC9-9891-979AFD83EAF7}.Release|Any CPU.Build.0 = Release|Any CPU
		{EBA35BA8-6B73-493F-9555-0EAE6B9DC26F}.Debug|Any CPU.ActiveCfg = Debug|Any CPU
		{EBA35BA8-6B73-493F-9555-0EAE6B9DC26F}.Debug|Any CPU.Build.0 = Debug|Any CPU
		{EBA35BA8-6B73-493F-9555-0EAE6B9DC26F}.Release|Any CPU.ActiveCfg = Release|Any CPU
		{EBA35BA8-6B73-493F-9555-0EAE6B9DC26F}.Release|Any CPU.Build.0 = Release|Any CPU
		{80903734-0965-400B-B175-7BE81B7F735E}.Debug|Any CPU.ActiveCfg = Debug|Any CPU
		{80903734-0965-400B-B175-7BE81B7F735E}.Debug|Any CPU.Build.0 = Debug|Any CPU
		{80903734-0965-400B-B175-7BE81B7F735E}.Release|Any CPU.ActiveCfg = Release|Any CPU
		{80903734-0965-400B-B175-7BE81B7F735E}.Release|Any CPU.Build.0 = Release|Any CPU
	EndGlobalSection
	GlobalSection(SolutionProperties) = preSolution
		HideSolutionNode = FALSE
	EndGlobalSection
	GlobalSection(NestedProjects) = preSolution
		{B6DC580E-C7AE-4144-8844-093CD91D5CB7} = {02EA681E-C7D8-13C7-8484-4AC65E1B71E8}
		{6539E0DA-1BE7-42CE-9619-66212AED0BFD} = {02EA681E-C7D8-13C7-8484-4AC65E1B71E8}
		{4255B0A5-AA2F-4955-B508-BEFCAB7E4B95} = {02EA681E-C7D8-13C7-8484-4AC65E1B71E8}
		{E9463CB4-9F7B-4CE0-85F1-5B1AC5B1801F} = {4989B907-DAFE-4ADB-958A-5E5830C51036}
		{C150D48E-38E2-4960-8D14-F10A69571975} = {4989B907-DAFE-4ADB-958A-5E5830C51036}
		{A754F5C8-54BB-4D4B-ADF5-8C1B2DBFC672} = {4989B907-DAFE-4ADB-958A-5E5830C51036}
		{65023C9F-5B26-4412-8BF0-F8003B062ED6} = {A5A3DC55-3471-45C2-9792-E0ABB130B09B}
		{6B83E957-5CCC-48C0-8D47-F1181D2E9801} = {A5A3DC55-3471-45C2-9792-E0ABB130B09B}
		{39F87580-C48F-4776-AED4-939DB63EC2B8} = {A5A3DC55-3471-45C2-9792-E0ABB130B09B}
		{49C42B9E-868F-4E5D-8067-99F43587750C} = {C11FF226-272F-4245-8C45-F1761672FA0A}
		{8B185A1E-5ED8-4CCE-8CA2-AF7A4CB111E8} = {C11FF226-272F-4245-8C45-F1761672FA0A}
		{6D4DFD42-09B8-40E6-A497-20B80D7F7C6E} = {C11FF226-272F-4245-8C45-F1761672FA0A}
		{A71C8510-CD43-4EC9-9891-979AFD83EAF7} = {9CEBE60C-83FD-4C4B-AEE7-F4F1042F6524}
		{EBA35BA8-6B73-493F-9555-0EAE6B9DC26F} = {9CEBE60C-83FD-4C4B-AEE7-F4F1042F6524}
		{80903734-0965-400B-B175-7BE81B7F735E} = {9CEBE60C-83FD-4C4B-AEE7-F4F1042F6524}
	EndGlobalSection
	GlobalSection(ExtensibilityGlobals) = postSolution
		SolutionGuid = {BA417824-5253-4290-801B-1C869B6C269C}
	EndGlobalSection
EndGlobal
