
Microsoft Visual Studio Solution File, Format Version 12.00
# Visual Studio Version 17
VisualStudioVersion = 17.14.36511.14 d17.14
MinimumVisualStudioVersion = 10.0.40219.1
Project("{2150E333-8FDC-42A3-9474-1A3956D46DE8}") = "Task0", "Task0", "{02EA681E-C7D8-13C7-8484-4AC65E1B71E8}"
EndProject
Project("{FAE04EC0-301F-11D3-BF4B-00C04F79EFBC}") = "Tyuiu.SherenkovIR.Sprint3.Task0.V13", "Tyuiu.SherenkovIR.Sprint3.Task0.V13\Tyuiu.SherenkovIR.Sprint3.Task0.V13.csproj", "{B6DC580E-C7AE-4144-8844-093CD91D5CB7}"
EndProject
Project("{FAE04EC0-301F-11D3-BF4B-00C04F79EFBC}") = "Tyuiu.SherenkovIR.Sprint3.Task0.V13.Lib", "Tyuiu.SherenkovIR.Sprint3.Task0.V13.Lib\Tyuiu.SherenkovIR.Sprint3.Task0.V13.Lib.csproj", "{6539E0DA-1BE7-42CE-9619-66212AED0BFD}"
EndProject
Project("{FAE04EC0-301F-11D3-BF4B-00C04F79EFBC}") = "Tyuiu.SherenkovIR.Sprint3.Task0.V13.Test", "Tyuiu.SherenkovIR.Sprint3.Task0.V13.Test\Tyuiu.SherenkovIR.Sprint3.Task0.V13.Test.csproj", "{4255B0A5-AA2F-4955-B508-BEFCAB7E4B95}"
EndProject
Global
	GlobalSection(SolutionConfigurationPlatforms) = preSolution
		Debug|Any CPU = Debug|Any CPU
		Release|Any CPU = Release|Any CPU
	EndGlobalSection
	GlobalSection(ProjectConfigurationPlatforms) = postSolution
		{B6DC580E-C7AE-4144-8844-093CD91D5CB7}.Debug|Any CPU.ActiveCfg = Debug|Any CPU
		{B6DC580E-C7AE-4144-8844-093CD91D5CB7}.Debug|Any CPU.Build.0 = Debug|Any CPU
		{B6DC580E-C7AE-4144-8844-093CD91D5CB7}.Release|Any CPU.ActiveCfg = Release|Any CPU
		{B6DC580E-C7AE-4144-8844-093CD91D5CB7}.Release|Any CPU.Build.0 = Release|Any CPU
		{6539E0DA-1BE7-42CE-9619-66212AED0BFD}.Debug|Any CPU.ActiveCfg = Debug|Any CPU
		{6539E0DA-1BE7-42CE-9619-66212AED0BFD}.Debug|Any CPU.Build.0 = Debug|Any CPU
		{6539E0DA-1BE7-42CE-9619-66212AED0BFD}.Release|Any CPU.ActiveCfg = Release|Any CPU
		{6539E0DA-1BE7-42CE-9619-66212AED0BFD}.Release|Any CPU.Build.0 = Release|Any CPU
		{4255B0A5-AA2F-4955-B508-BEFCAB7E4B95}.Debug|Any CPU.ActiveCfg = Debug|Any CPU
		{4255B0A5-AA2F-4955-B508-BEFCAB7E4B95}.Debug|Any CPU.Build.0 = Debug|Any CPU
		{4255B0A5-AA2F-4955-B508-BEFCAB7E4B95}.Release|Any CPU.ActiveCfg = Release|Any CPU
		{4255B0A5-AA2F-4955-B508-BEFCAB7E4B95}.Release|Any CPU.Build.0 = Release|Any CPU
	EndGlobalSection
	GlobalSection(SolutionProperties) = preSolution
		HideSolutionNode = FALSE
	EndGlobalSection
	GlobalSection(NestedProjects) = preSolution
		{B6DC580E-C7AE-4144-8844-093CD91D5CB7} = {02EA681E-C7D8-13C7-8484-4AC65E1B71E8}
		{6539E0DA-1BE7-42CE-9619-66212AED0BFD} = {02EA681E-C7D8-13C7-8484-4AC65E1B71E8}
		{4255B0A5-AA2F-4955-B508-BEFCAB7E4B95} = {02EA681E-C7D8-13C7-8484-4AC65E1B71E8}
	EndGlobalSection
	GlobalSection(ExtensibilityGlobals) = postSolution
		SolutionGuid = {BA417824-5253-4290-801B-1C869B6C269C}
	EndGlobalSection
EndGlobal
